
Microsoft Visual Studio Solution File, Format Version 12.00
# Visual Studio 15
VisualStudioVersion = 15.0.28307.705
MinimumVisualStudioVersion = 10.0.40219.1
Project("{FAE04EC0-301F-11D3-BF4B-00C04F79EFBC}") = "NN_Backpropagation", "NN_Backpropagation\NN_Backpropagation.csproj", "{B420BF14-4278-4679-9027-E92EDFDA3791}"
EndProject
Global
	GlobalSection(SolutionConfigurationPlatforms) = preSolution
		Debug|Any CPU = Debug|Any CPU
		Release|Any CPU = Release|Any CPU
	EndGlobalSection
	GlobalSection(ProjectConfigurationPlatforms) = postSolution
		{B420BF14-4278-4679-9027-E92EDFDA3791}.Debug|Any CPU.ActiveCfg = Debug|Any CPU
		{B420BF14-4278-4679-9027-E92EDFDA3791}.Debug|Any CPU.Build.0 = Debug|Any CPU
		{B420BF14-4278-4679-9027-E92EDFDA3791}.Release|Any CPU.ActiveCfg = Release|Any CPU
		{B420BF14-4278-4679-9027-E92EDFDA3791}.Release|Any CPU.Build.0 = Release|Any CPU
	EndGlobalSection
	GlobalSection(SolutionProperties) = preSolution
		HideSolutionNode = FALSE
	EndGlobalSection
	GlobalSection(ExtensibilityGlobals) = postSolution
		SolutionGuid = {F20877B5-DE1A-4C3C-BEEA-1994D092AE3C}
	EndGlobalSection
EndGlobal
